
Microsoft Visual Studio Solution File, Format Version 12.00
# Visual Studio 2015
Project("{FAE04EC0-301F-11D3-BF4B-00C04F79EFBC}") = "Improbable_Cause_Demo", "Improbable_Cause_Demo.csproj", "{4491088E-2C2C-57D1-80DC-035D1333CC34}"
EndProject
Global
	GlobalSection(SolutionConfigurationPlatforms) = preSolution
		Debug|Any CPU = Debug|Any CPU
		Release|Any CPU = Release|Any CPU
	EndGlobalSection
	GlobalSection(ProjectConfigurationPlatforms) = postSolution
		{4491088E-2C2C-57D1-80DC-035D1333CC34}.Debug|Any CPU.ActiveCfg = Debug|Any CPU
		{4491088E-2C2C-57D1-80DC-035D1333CC34}.Debug|Any CPU.Build.0 = Debug|Any CPU
		{4491088E-2C2C-57D1-80DC-035D1333CC34}.Release|Any CPU.ActiveCfg = Release|Any CPU
		{4491088E-2C2C-57D1-80DC-035D1333CC34}.Release|Any CPU.Build.0 = Release|Any CPU
	EndGlobalSection
	GlobalSection(SolutionProperties) = preSolution
		HideSolutionNode = FALSE
	EndGlobalSection
EndGlobal
